// !$*UTF8*$!
{
	archiveVersion = 1;
	classes = {
	};
	objectVersion = 48;
	objects = {

/* Begin PBXBuildFile section */
		DE209CA52068D8D90052AF78 /* AppDelegate.swift in Sources */ = {isa = PBXBuildFile; fileRef = DE209CA42068D8D90052AF78 /* AppDelegate.swift */; };
		DE209CA72068D8D90052AF78 /* ViewController.swift in Sources */ = {isa = PBXBuildFile; fileRef = DE209CA62068D8D90052AF78 /* ViewController.swift */; };
		DE209CAA2068D8D90052AF78 /* Main.storyboard in Resources */ = {isa = PBXBuildFile; fileRef = DE209CA82068D8D90052AF78 /* Main.storyboard */; };
		DE209CAC2068D8D90052AF78 /* Assets.xcassets in Resources */ = {isa = PBXBuildFile; fileRef = DE209CAB2068D8D90052AF78 /* Assets.xcassets */; };
		DE209CAF2068D8D90052AF78 /* LaunchScreen.storyboard in Resources */ = {isa = PBXBuildFile; fileRef = DE209CAD2068D8D90052AF78 /* LaunchScreen.storyboard */; };
		DE209CB72068D9690052AF78 /* RangeSlider.swift in Sources */ = {isa = PBXBuildFile; fileRef = DE209CB62068D9690052AF78 /* RangeSlider.swift */; };
		DE209CB92068DC5C0052AF78 /* RangeSliderThumbLayer.swift in Sources */ = {isa = PBXBuildFile; fileRef = DE209CB82068DC5C0052AF78 /* RangeSliderThumbLayer.swift */; };
		DE209CBB2068DDFD0052AF78 /* RangeSliderTrackLayer.swift in Sources */ = {isa = PBXBuildFile; fileRef = DE209CBA2068DDFD0052AF78 /* RangeSliderTrackLayer.swift */; };
/* End PBXBuildFile section */

/* Begin PBXFileReference section */
		DE209CA12068D8D90052AF78 /* ReusableSlider.app */ = {isa = PBXFileReference; explicitFileType = wrapper.application; includeInIndex = 0; path = ReusableSlider.app; sourceTree = BUILT_PRODUCTS_DIR; };
		DE209CA42068D8D90052AF78 /* AppDelegate.swift */ = {isa = PBXFileReference; lastKnownFileType = sourcecode.swift; path = AppDelegate.swift; sourceTree = "<group>"; };
		DE209CA62068D8D90052AF78 /* ViewController.swift */ = {isa = PBXFileReference; lastKnownFileType = sourcecode.swift; path = ViewController.swift; sourceTree = "<group>"; };
		DE209CA92068D8D90052AF78 /* Base */ = {isa = PBXFileReference; lastKnownFileType = file.storyboard; name = Base; path = Base.lproj/Main.storyboard; sourceTree = "<group>"; };
		DE209CAB2068D8D90052AF78 /* Assets.xcassets */ = {isa = PBXFileReference; lastKnownFileType = folder.assetcatalog; path = Assets.xcassets; sourceTree = "<group>"; };
		DE209CAE2068D8D90052AF78 /* Base */ = {isa = PBXFileReference; lastKnownFileType = file.storyboard; name = Base; path = Base.lproj/LaunchScreen.storyboard; sourceTree = "<group>"; };
		DE209CB02068D8D90052AF78 /* Info.plist */ = {isa = PBXFileReference; lastKnownFileType = text.plist.xml; path = Info.plist; sourceTree = "<group>"; };
		DE209CB62068D9690052AF78 /* RangeSlider.swift */ = {isa = PBXFileReference; lastKnownFileType = sourcecode.swift; path = RangeSlider.swift; sourceTree = "<group>"; };
		DE209CB82068DC5C0052AF78 /* RangeSliderThumbLayer.swift */ = {isa = PBXFileReference; lastKnownFileType = sourcecode.swift; path = RangeSliderThumbLayer.swift; sourceTree = "<group>"; };
		DE209CBA2068DDFD0052AF78 /* RangeSliderTrackLayer.swift */ = {isa = PBXFileReference; lastKnownFileType = sourcecode.swift; path = RangeSliderTrackLayer.swift; sourceTree = "<group>"; };
/* End PBXFileReference section */

/* Begin PBXFrameworksBuildPhase section */
		DE209C9E2068D8D90052AF78 /* Frameworks */ = {
			isa = PBXFrameworksBuildPhase;
			buildActionMask = 2147483647;
			files = (
			);
			runOnlyForDeploymentPostprocessing = 0;
		};
/* End PBXFrameworksBuildPhase section */

/* Begin PBXGroup section */
		DE209C982068D8D90052AF78 = {
			isa = PBXGroup;
			children = (
				DE209CA32068D8D90052AF78 /* ReusableSlider */,
				DE209CA22068D8D90052AF78 /* Products */,
			);
			sourceTree = "<group>";
		};
		DE209CA22068D8D90052AF78 /* Products */ = {
			isa = PBXGroup;
			children = (
				DE209CA12068D8D90052AF78 /* ReusableSlider.app */,
			);
			name = Products;
			sourceTree = "<group>";
		};
		DE209CA32068D8D90052AF78 /* ReusableSlider */ = {
			isa = PBXGroup;
			children = (
				DE209CA42068D8D90052AF78 /* AppDelegate.swift */,
				DE209CA62068D8D90052AF78 /* ViewController.swift */,
				DE209CA82068D8D90052AF78 /* Main.storyboard */,
				DE209CAB2068D8D90052AF78 /* Assets.xcassets */,
				DE209CAD2068D8D90052AF78 /* LaunchScreen.storyboard */,
				DE209CB02068D8D90052AF78 /* Info.plist */,
				DE209CB62068D9690052AF78 /* RangeSlider.swift */,
				DE209CB82068DC5C0052AF78 /* RangeSliderThumbLayer.swift */,
				DE209CBA2068DDFD0052AF78 /* RangeSliderTrackLayer.swift */,
			);
			path = ReusableSlider;
			sourceTree = "<group>";
		};
/* End PBXGroup section */

/* Begin PBXNativeTarget section */
		DE209CA02068D8D90052AF78 /* ReusableSlider */ = {
			isa = PBXNativeTarget;
			buildConfigurationList = DE209CB32068D8D90052AF78 /* Build configuration list for PBXNativeTarget "ReusableSlider" */;
			buildPhases = (
				DE209C9D2068D8D90052AF78 /* Sources */,
				DE209C9E2068D8D90052AF78 /* Frameworks */,
				DE209C9F2068D8D90052AF78 /* Resources */,
			);
			buildRules = (
			);
			dependencies = (
			);
			name = ReusableSlider;
			productName = ReusableSlider;
			productReference = DE209CA12068D8D90052AF78 /* ReusableSlider.app */;
			productType = "com.apple.product-type.application";
		};
/* End PBXNativeTarget section */

/* Begin PBXProject section */
		DE209C992068D8D90052AF78 /* Project object */ = {
			isa = PBXProject;
			attributes = {
				LastSwiftUpdateCheck = 0920;
				LastUpgradeCheck = 0920;
				ORGANIZATIONNAME = iOSDevLog;
				TargetAttributes = {
					DE209CA02068D8D90052AF78 = {
						CreatedOnToolsVersion = 9.2;
						ProvisioningStyle = Automatic;
					};
				};
			};
			buildConfigurationList = DE209C9C2068D8D90052AF78 /* Build configuration list for PBXProject "ReusableSlider" */;
			compatibilityVersion = "Xcode 8.0";
			developmentRegion = en;
			hasScannedForEncodings = 0;
			knownRegions = (
				en,
				Base,
			);
			mainGroup = DE209C982068D8D90052AF78;
			productRefGroup = DE209CA22068D8D90052AF78 /* Products */;
			projectDirPath = "";
			projectRoot = "";
			targets = (
				DE209CA02068D8D90052AF78 /* ReusableSlider */,
			);
		};
/* End PBXProject section */

/* Begin PBXResourcesBuildPhase section */
		DE209C9F2068D8D90052AF78 /* Resources */ = {
			isa = PBXResourcesBuildPhase;
			buildActionMask = 2147483647;
			files = (
				DE209CAF2068D8D90052AF78 /* LaunchScreen.storyboard in Resources */,
				DE209CAC2068D8D90052AF78 /* Assets.xcassets in Resources */,
				DE209CAA2068D8D90052AF78 /* Main.storyboard in Resources */,
			);
			runOnlyForDeploymentPostprocessing = 0;
		};
/* End PBXResourcesBuildPhase section */

/* Begin PBXSourcesBuildPhase section */
		DE209C9D2068D8D90052AF78 /* Sources */ = {
			isa = PBXSourcesBuildPhase;
			buildActionMask = 2147483647;
			files = (
				DE209CA72068D8D90052AF78 /* ViewController.swift in Sources */,
				DE209CBB2068DDFD0052AF78 /* RangeSliderTrackLayer.swift in Sources */,
				DE209CB72068D9690052AF78 /* RangeSlider.swift in Sources */,
				DE209CA52068D8D90052AF78 /* AppDelegate.swift in Sources */,
				DE209CB92068DC5C0052AF78 /* RangeSliderThumbLayer.swift in Sources */,
			);
			runOnlyForDeploymentPostprocessing = 0;
		};
/* End PBXSourcesBuildPhase section */

/* Begin PBXVariantGroup section */
		DE209CA82068D8D90052AF78 /* Main.storyboard */ = {
			isa = PBXVariantGroup;
			children = (
				DE209CA92068D8D90052AF78 /* Base */,
			);
			name = Main.storyboard;
			sourceTree = "<group>";
		};
		DE209CAD2068D8D90052AF78 /* LaunchScreen.storyboard */ = {
			isa = PBXVariantGroup;
			children = (
				DE209CAE2068D8D90052AF78 /* Base */,
			);
			name = LaunchScreen.storyboard;
			sourceTree = "<group>";
		};
/* End PBXVariantGroup section */

/* Begin XCBuildConfiguration section */
		DE209CB12068D8D90052AF78 /* Debug */ = {
			isa = XCBuildConfiguration;
			buildSettings = {
				ALWAYS_SEARCH_USER_PATHS = NO;
				CLANG_ANALYZER_NONNULL = YES;
				CLANG_ANALYZER_NUMBER_OBJECT_CONVERSION = YES_AGGRESSIVE;
				CLANG_CXX_LANGUAGE_STANDARD = "gnu++14";
				CLANG_CXX_LIBRARY = "libc++";
				CLANG_ENABLE_MODULES = YES;
				CLANG_ENABLE_OBJC_ARC = YES;
				CLANG_WARN_BLOCK_CAPTURE_AUTORELEASING = YES;
				CLANG_WARN_BOOL_CONVERSION = YES;
				CLANG_WARN_COMMA = YES;
				CLANG_WARN_CONSTANT_CONVERSION = YES;
				CLANG_WARN_DIRECT_OBJC_ISA_USAGE = YES_ERROR;
				CLANG_WARN_DOCUMENTATION_COMMENTS = YES;
				CLANG_WARN_EMPTY_BODY = YES;
				CLANG_WARN_ENUM_CONVERSION = YES;
				CLANG_WARN_INFINITE_RECURSION = YES;
				CLANG_WARN_INT_CONVERSION = YES;
				CLANG_WARN_NON_LITERAL_NULL_CONVERSION = YES;
				CLANG_WARN_OBJC_LITERAL_CONVERSION = YES;
				CLANG_WARN_OBJC_ROOT_CLASS = YES_ERROR;
				CLANG_WARN_RANGE_LOOP_ANALYSIS = YES;
				CLANG_WARN_STRICT_PROTOTYPES = YES;
				CLANG_WARN_SUSPICIOUS_MOVE = YES;
				CLANG_WARN_UNGUARDED_AVAILABILITY = YES_AGGRESSIVE;
				CLANG_WARN_UNREACHABLE_CODE = YES;
				CLANG_WARN__DUPLICATE_METHOD_MATCH = YES;
				CODE_SIGN_IDENTITY = "iPhone Developer";
				COPY_PHASE_STRIP = NO;
				DEBUG_INFORMATION_FORMAT = dwarf;
				ENABLE_STRICT_OBJC_MSGSEND = YES;
				ENABLE_TESTABILITY = YES;
				GCC_C_LANGUAGE_STANDARD = gnu11;
				GCC_DYNAMIC_NO_PIC = NO;
				GCC_NO_COMMON_BLOCKS = YES;
				GCC_OPTIMIZATION_LEVEL = 0;
				GCC_PREPROCESSOR_DEFINITIONS = (
					"DEBUG=1",
					"$(inherited)",
				);
				GCC_WARN_64_TO_32_BIT_CONVERSION = YES;
				GCC_WARN_ABOUT_RETURN_TYPE = YES_ERROR;
				GCC_WARN_UNDECLARED_SELECTOR = YES;
				GCC_WARN_UNINITIALIZED_AUTOS = YES_AGGRESSIVE;
				GCC_WARN_UNUSED_FUNCTION = YES;
				GCC_WARN_UNUSED_VARIABLE = YES;
				IPHONEOS_DEPLOYMENT_TARGET = 11.2;
				MTL_ENABLE_DEBUG_INFO = YES;
				ONLY_ACTIVE_ARCH = YES;
				SDKROOT = iphoneos;
				SWIFT_ACTIVE_COMPILATION_CONDITIONS = DEBUG;
				SWIFT_OPTIMIZATION_LEVEL = "-Onone";
			};
			name = Debug;
		};
		DE209CB22068D8D90052AF78 /* Release */ = {
			isa = XCBuildConfiguration;
			buildSettings = {
				ALWAYS_SEARCH_USER_PATHS = NO;
				CLANG_ANALYZER_NONNULL = YES;
				CLANG_ANALYZER_NUMBER_OBJECT_CONVERSION = YES_AGGRESSIVE;
				CLANG_CXX_LANGUAGE_STANDARD = "gnu++14";
				CLANG_CXX_LIBRARY = "libc++";
				CLANG_ENABLE_MODULES = YES;
				CLANG_ENABLE_OBJC_ARC = YES;
				CLANG_WARN_BLOCK_CAPTURE_AUTORELEASING = YES;
				CLANG_WARN_BOOL_CONVERSION = YES;
				CLANG_WARN_COMMA = YES;
				CLANG_WARN_CONSTANT_CONVERSION = YES;
				CLANG_WARN_DIRECT_OBJC_ISA_USAGE = YES_ERROR;
				CLANG_WARN_DOCUMENTATION_COMMENTS = YES;
				CLANG_WARN_EMPTY_BODY = YES;
				CLANG_WARN_ENUM_CONVERSION = YES;
				CLANG_WARN_INFINITE_RECURSION = YES;
				CLANG_WARN_INT_CONVERSION = YES;
				CLANG_WARN_NON_LITERAL_NULL_CONVERSION = YES;
				CLANG_WARN_OBJC_LITERAL_CONVERSION = YES;
				CLANG_WARN_OBJC_ROOT_CLASS = YES_ERROR;
				CLANG_WARN_RANGE_LOOP_ANALYSIS = YES;
				CLANG_WARN_STRICT_PROTOTYPES = YES;
				CLANG_WARN_SUSPICIOUS_MOVE = YES;
				CLANG_WARN_UNGUARDED_AVAILABILITY = YES_AGGRESSIVE;
				CLANG_WARN_UNREACHABLE_CODE = YES;
				CLANG_WARN__DUPLICATE_METHOD_MATCH = YES;
				CODE_SIGN_IDENTITY = "iPhone Developer";
				COPY_PHASE_STRIP = NO;
				DEBUG_INFORMATION_FORMAT = "dwarf-with-dsym";
				ENABLE_NS_ASSERTIONS = NO;
				ENABLE_STRICT_OBJC_MSGSEND = YES;
				GCC_C_LANGUAGE_STANDARD = gnu11;
				GCC_NO_COMMON_BLOCKS = YES;
				GCC_WARN_64_TO_32_BIT_CONVERSION = YES;
				GCC_WARN_ABOUT_RETURN_TYPE = YES_ERROR;
				GCC_WARN_UNDECLARED_SELECTOR = YES;
				GCC_WARN_UNINITIALIZED_AUTOS = YES_AGGRESSIVE;
				GCC_WARN_UNUSED_FUNCTION = YES;
				GCC_WARN_UNUSED_VARIABLE = YES;
				IPHONEOS_DEPLOYMENT_TARGET = 11.2;
				MTL_ENABLE_DEBUG_INFO = NO;
				SDKROOT = iphoneos;
				SWIFT_OPTIMIZATION_LEVEL = "-Owholemodule";
				VALIDATE_PRODUCT = YES;
			};
			name = Release;
		};
		DE209CB42068D8D90052AF78 /* Debug */ = {
			isa = XCBuildConfiguration;
			buildSettings = {
				ASSETCATALOG_COMPILER_APPICON_NAME = AppIcon;
				CODE_SIGN_STYLE = Automatic;
				DEVELOPMENT_TEAM = "";
				INFOPLIST_FILE = ReusableSlider/Info.plist;
				LD_RUNPATH_SEARCH_PATHS = "$(inherited) @executable_path/Frameworks";
				PRODUCT_BUNDLE_IDENTIFIER = com.iosdevlog.ReusableSlider;
				PRODUCT_NAME = "$(TARGET_NAME)";
				SWIFT_VERSION = 4.0;
				TARGETED_DEVICE_FAMILY = "1,2";
			};
			name = Debug;
		};
		DE209CB52068D8D90052AF78 /* Release */ = {
			isa = XCBuildConfiguration;
			buildSettings = {
				ASSETCATALOG_COMPILER_APPICON_NAME = AppIcon;
				CODE_SIGN_STYLE = Automatic;
				DEVELOPMENT_TEAM = "";
				INFOPLIST_FILE = ReusableSlider/Info.plist;
				LD_RUNPATH_SEARCH_PATHS = "$(inherited) @executable_path/Frameworks";
				PRODUCT_BUNDLE_IDENTIFIER = com.iosdevlog.ReusableSlider;
				PRODUCT_NAME = "$(TARGET_NAME)";
				SWIFT_VERSION = 4.0;
				TARGETED_DEVICE_FAMILY = "1,2";
			};
			name = Release;
		};
/* End XCBuildConfiguration section */

/* Begin XCConfigurationList section */
		DE209C9C2068D8D90052AF78 /* Build configuration list for PBXProject "ReusableSlider" */ = {
			isa = XCConfigurationList;
			buildConfigurations = (
				DE209CB12068D8D90052AF78 /* Debug */,
				DE209CB22068D8D90052AF78 /* Release */,
			);
			defaultConfigurationIsVisible = 0;
			defaultConfigurationName = Release;
		};
		DE209CB32068D8D90052AF78 /* Build configuration list for PBXNativeTarget "ReusableSlider" */ = {
			isa = XCConfigurationList;
			buildConfigurations = (
				DE209CB42068D8D90052AF78 /* Debug */,
				DE209CB52068D8D90052AF78 /* Release */,
			);
			defaultConfigurationIsVisible = 0;
			defaultConfigurationName = Release;
		};
/* End XCConfigurationList section */
	};
	rootObject = DE209C992068D8D90052AF78 /* Project object */;
}
