// !$*UTF8*$!
{
	archiveVersion = 1;
	classes = {
	};
	objectVersion = 48;
	objects = {

/* Begin PBXAggregateTarget section */
		DE5D36BA206C750F00FAB511 /* UniversalFramework */ = {
			isa = PBXAggregateTarget;
			buildConfigurationList = DE5D36BD206C750F00FAB511 /* Build configuration list for PBXAggregateTarget "UniversalFramework" */;
			buildPhases = (
				DE5D36BE206C751700FAB511 /* ShellScript */,
			);
			dependencies = (
			);
			name = UniversalFramework;
			productName = UniversalFramework;
		};
/* End PBXAggregateTarget section */

/* Begin PBXBuildFile section */
		DE0BCDE1206B8E940013777D /* RWUIControlsFramework.h in Headers */ = {isa = PBXBuildFile; fileRef = DE0BCDDF206B8E940013777D /* RWUIControlsFramework.h */; settings = {ATTRIBUTES = (Public, ); }; };
		DE0BCDEE206B8E9B0013777D /* RWKnobControl.h in Headers */ = {isa = PBXBuildFile; fileRef = DE0BCDE8206B8E9B0013777D /* RWKnobControl.h */; settings = {ATTRIBUTES = (Public, ); }; };
		DE0BCDEF206B8E9B0013777D /* RWKnobControl.m in Sources */ = {isa = PBXBuildFile; fileRef = DE0BCDE9206B8E9B0013777D /* RWKnobControl.m */; };
		DE0BCDF0206B8E9C0013777D /* RWKnobRenderer.h in Headers */ = {isa = PBXBuildFile; fileRef = DE0BCDEA206B8E9B0013777D /* RWKnobRenderer.h */; };
		DE0BCDF1206B8E9C0013777D /* RWKnobRenderer.m in Sources */ = {isa = PBXBuildFile; fileRef = DE0BCDEB206B8E9B0013777D /* RWKnobRenderer.m */; };
		DE0BCDF2206B8E9C0013777D /* RWRotationGestureRecognizer.h in Headers */ = {isa = PBXBuildFile; fileRef = DE0BCDEC206B8E9B0013777D /* RWRotationGestureRecognizer.h */; };
		DE0BCDF3206B8E9C0013777D /* RWRotationGestureRecognizer.m in Sources */ = {isa = PBXBuildFile; fileRef = DE0BCDED206B8E9B0013777D /* RWRotationGestureRecognizer.m */; };
/* End PBXBuildFile section */

/* Begin PBXFileReference section */
		DE0BCDDC206B8E940013777D /* RWUIControlsFramework.framework */ = {isa = PBXFileReference; explicitFileType = wrapper.framework; includeInIndex = 0; path = RWUIControlsFramework.framework; sourceTree = BUILT_PRODUCTS_DIR; };
		DE0BCDDF206B8E940013777D /* RWUIControlsFramework.h */ = {isa = PBXFileReference; lastKnownFileType = sourcecode.c.h; path = RWUIControlsFramework.h; sourceTree = "<group>"; };
		DE0BCDE0206B8E940013777D /* Info.plist */ = {isa = PBXFileReference; lastKnownFileType = text.plist.xml; path = Info.plist; sourceTree = "<group>"; };
		DE0BCDE8206B8E9B0013777D /* RWKnobControl.h */ = {isa = PBXFileReference; fileEncoding = 4; lastKnownFileType = sourcecode.c.h; path = RWKnobControl.h; sourceTree = "<group>"; };
		DE0BCDE9206B8E9B0013777D /* RWKnobControl.m */ = {isa = PBXFileReference; fileEncoding = 4; lastKnownFileType = sourcecode.c.objc; path = RWKnobControl.m; sourceTree = "<group>"; };
		DE0BCDEA206B8E9B0013777D /* RWKnobRenderer.h */ = {isa = PBXFileReference; fileEncoding = 4; lastKnownFileType = sourcecode.c.h; path = RWKnobRenderer.h; sourceTree = "<group>"; };
		DE0BCDEB206B8E9B0013777D /* RWKnobRenderer.m */ = {isa = PBXFileReference; fileEncoding = 4; lastKnownFileType = sourcecode.c.objc; path = RWKnobRenderer.m; sourceTree = "<group>"; };
		DE0BCDEC206B8E9B0013777D /* RWRotationGestureRecognizer.h */ = {isa = PBXFileReference; fileEncoding = 4; lastKnownFileType = sourcecode.c.h; path = RWRotationGestureRecognizer.h; sourceTree = "<group>"; };
		DE0BCDED206B8E9B0013777D /* RWRotationGestureRecognizer.m */ = {isa = PBXFileReference; fileEncoding = 4; lastKnownFileType = sourcecode.c.objc; path = RWRotationGestureRecognizer.m; sourceTree = "<group>"; };
/* End PBXFileReference section */

/* Begin PBXFrameworksBuildPhase section */
		DE0BCDD8206B8E940013777D /* Frameworks */ = {
			isa = PBXFrameworksBuildPhase;
			buildActionMask = 2147483647;
			files = (
			);
			runOnlyForDeploymentPostprocessing = 0;
		};
/* End PBXFrameworksBuildPhase section */

/* Begin PBXGroup section */
		DE0BCDD2206B8E940013777D = {
			isa = PBXGroup;
			children = (
				DE0BCDDE206B8E940013777D /* RWUIControlsFramework */,
				DE0BCDDD206B8E940013777D /* Products */,
			);
			sourceTree = "<group>";
		};
		DE0BCDDD206B8E940013777D /* Products */ = {
			isa = PBXGroup;
			children = (
				DE0BCDDC206B8E940013777D /* RWUIControlsFramework.framework */,
			);
			name = Products;
			sourceTree = "<group>";
		};
		DE0BCDDE206B8E940013777D /* RWUIControlsFramework */ = {
			isa = PBXGroup;
			children = (
				DE0BCDE7206B8E9B0013777D /* RWKnobControl */,
				DE0BCDDF206B8E940013777D /* RWUIControlsFramework.h */,
				DE0BCDE0206B8E940013777D /* Info.plist */,
			);
			path = RWUIControlsFramework;
			sourceTree = "<group>";
		};
		DE0BCDE7206B8E9B0013777D /* RWKnobControl */ = {
			isa = PBXGroup;
			children = (
				DE0BCDE8206B8E9B0013777D /* RWKnobControl.h */,
				DE0BCDE9206B8E9B0013777D /* RWKnobControl.m */,
				DE0BCDEA206B8E9B0013777D /* RWKnobRenderer.h */,
				DE0BCDEB206B8E9B0013777D /* RWKnobRenderer.m */,
				DE0BCDEC206B8E9B0013777D /* RWRotationGestureRecognizer.h */,
				DE0BCDED206B8E9B0013777D /* RWRotationGestureRecognizer.m */,
			);
			path = RWKnobControl;
			sourceTree = "<group>";
		};
/* End PBXGroup section */

/* Begin PBXHeadersBuildPhase section */
		DE0BCDD9206B8E940013777D /* Headers */ = {
			isa = PBXHeadersBuildPhase;
			buildActionMask = 2147483647;
			files = (
				DE0BCDE1206B8E940013777D /* RWUIControlsFramework.h in Headers */,
				DE0BCDEE206B8E9B0013777D /* RWKnobControl.h in Headers */,
				DE0BCDF0206B8E9C0013777D /* RWKnobRenderer.h in Headers */,
				DE0BCDF2206B8E9C0013777D /* RWRotationGestureRecognizer.h in Headers */,
			);
			runOnlyForDeploymentPostprocessing = 0;
		};
/* End PBXHeadersBuildPhase section */

/* Begin PBXNativeTarget section */
		DE0BCDDB206B8E940013777D /* RWUIControlsFramework */ = {
			isa = PBXNativeTarget;
			buildConfigurationList = DE0BCDE4206B8E940013777D /* Build configuration list for PBXNativeTarget "RWUIControlsFramework" */;
			buildPhases = (
				DE0BCDD7206B8E940013777D /* Sources */,
				DE0BCDD8206B8E940013777D /* Frameworks */,
				DE0BCDD9206B8E940013777D /* Headers */,
				DE0BCDDA206B8E940013777D /* Resources */,
			);
			buildRules = (
			);
			dependencies = (
			);
			name = RWUIControlsFramework;
			productName = RWUIControlsFramework;
			productReference = DE0BCDDC206B8E940013777D /* RWUIControlsFramework.framework */;
			productType = "com.apple.product-type.framework";
		};
/* End PBXNativeTarget section */

/* Begin PBXProject section */
		DE0BCDD3206B8E940013777D /* Project object */ = {
			isa = PBXProject;
			attributes = {
				LastUpgradeCheck = 0920;
				ORGANIZATIONNAME = iOSDevLog;
				TargetAttributes = {
					DE0BCDDB206B8E940013777D = {
						CreatedOnToolsVersion = 9.2;
						ProvisioningStyle = Automatic;
					};
					DE5D36BA206C750F00FAB511 = {
						CreatedOnToolsVersion = 9.2;
						ProvisioningStyle = Automatic;
					};
				};
			};
			buildConfigurationList = DE0BCDD6206B8E940013777D /* Build configuration list for PBXProject "RWUIControlsFramework" */;
			compatibilityVersion = "Xcode 8.0";
			developmentRegion = en;
			hasScannedForEncodings = 0;
			knownRegions = (
				en,
			);
			mainGroup = DE0BCDD2206B8E940013777D;
			productRefGroup = DE0BCDDD206B8E940013777D /* Products */;
			projectDirPath = "";
			projectRoot = "";
			targets = (
				DE0BCDDB206B8E940013777D /* RWUIControlsFramework */,
				DE5D36BA206C750F00FAB511 /* UniversalFramework */,
			);
		};
/* End PBXProject section */

/* Begin PBXResourcesBuildPhase section */
		DE0BCDDA206B8E940013777D /* Resources */ = {
			isa = PBXResourcesBuildPhase;
			buildActionMask = 2147483647;
			files = (
			);
			runOnlyForDeploymentPostprocessing = 0;
		};
/* End PBXResourcesBuildPhase section */

/* Begin PBXShellScriptBuildPhase section */
		DE5D36BE206C751700FAB511 /* ShellScript */ = {
			isa = PBXShellScriptBuildPhase;
			buildActionMask = 2147483647;
			files = (
			);
			inputPaths = (
			);
			outputPaths = (
			);
			runOnlyForDeploymentPostprocessing = 0;
			shellPath = /bin/sh;
			shellScript = "# Sets the target folders and the final framework product.\n# 如果工程名称和Framework的Target名称不一样的话，要自定义FRAMEWORK_NAME\n# FRAMEWORK_NAME=${PROJECT_NAME}\nFRAMEWORK_NAME=RWUIControlsFramework\n# Install dir will be the final output to the framework.\n# The following line create it in the root folder of the current project.\nINSTALL_DIR=${SRCROOT}/Products/${FRAMEWORK_NAME}.framework\n# Working dir will be deleted after the framework creation.\nWORKING_DIR=build\nDEVICE_DIR=${WORKING_DIR}/Release-iphoneos/${FRAMEWORK_NAME}.framework\nSIMULATOR_DIR=${WORKING_DIR}/Release-iphonesimulator/${FRAMEWORK_NAME}.framework\n# -configuration ${CONFIGURATION}\n# Clean and Building both architectures.\nxcodebuild -configuration \"Release\" -target \"${FRAMEWORK_NAME}\" -sdk iphoneos clean build\nxcodebuild -configuration \"Release\" -target \"${FRAMEWORK_NAME}\" -sdk iphonesimulator clean build\n# Cleaning the oldest.\nif [ -d \"${INSTALL_DIR}\" ]\nthen\nrm -rf \"${INSTALL_DIR}\"\nfi\nmkdir -p \"${INSTALL_DIR}\"\ncp -R \"${DEVICE_DIR}/\" \"${INSTALL_DIR}/\"\n# Uses the Lipo Tool to merge both binary files ([arm_v7] [i386] [x86_64] [arm64]) into one Universal final product.\nlipo -create \"${DEVICE_DIR}/${FRAMEWORK_NAME}\" \"${SIMULATOR_DIR}/${FRAMEWORK_NAME}\" -output \"${INSTALL_DIR}/${FRAMEWORK_NAME}\"\nrm -r \"${WORKING_DIR}\"\nopen \"${INSTALL_DIR}\"";
		};
/* End PBXShellScriptBuildPhase section */

/* Begin PBXSourcesBuildPhase section */
		DE0BCDD7206B8E940013777D /* Sources */ = {
			isa = PBXSourcesBuildPhase;
			buildActionMask = 2147483647;
			files = (
				DE0BCDEF206B8E9B0013777D /* RWKnobControl.m in Sources */,
				DE0BCDF3206B8E9C0013777D /* RWRotationGestureRecognizer.m in Sources */,
				DE0BCDF1206B8E9C0013777D /* RWKnobRenderer.m in Sources */,
			);
			runOnlyForDeploymentPostprocessing = 0;
		};
/* End PBXSourcesBuildPhase section */

/* Begin XCBuildConfiguration section */
		DE0BCDE2206B8E940013777D /* Debug */ = {
			isa = XCBuildConfiguration;
			buildSettings = {
				ALWAYS_SEARCH_USER_PATHS = NO;
				CLANG_ANALYZER_NONNULL = YES;
				CLANG_ANALYZER_NUMBER_OBJECT_CONVERSION = YES_AGGRESSIVE;
				CLANG_CXX_LANGUAGE_STANDARD = "gnu++14";
				CLANG_CXX_LIBRARY = "libc++";
				CLANG_ENABLE_MODULES = YES;
				CLANG_ENABLE_OBJC_ARC = YES;
				CLANG_WARN_BLOCK_CAPTURE_AUTORELEASING = YES;
				CLANG_WARN_BOOL_CONVERSION = YES;
				CLANG_WARN_COMMA = YES;
				CLANG_WARN_CONSTANT_CONVERSION = YES;
				CLANG_WARN_DIRECT_OBJC_ISA_USAGE = YES_ERROR;
				CLANG_WARN_DOCUMENTATION_COMMENTS = YES;
				CLANG_WARN_EMPTY_BODY = YES;
				CLANG_WARN_ENUM_CONVERSION = YES;
				CLANG_WARN_INFINITE_RECURSION = YES;
				CLANG_WARN_INT_CONVERSION = YES;
				CLANG_WARN_NON_LITERAL_NULL_CONVERSION = YES;
				CLANG_WARN_OBJC_LITERAL_CONVERSION = YES;
				CLANG_WARN_OBJC_ROOT_CLASS = YES_ERROR;
				CLANG_WARN_RANGE_LOOP_ANALYSIS = YES;
				CLANG_WARN_STRICT_PROTOTYPES = YES;
				CLANG_WARN_SUSPICIOUS_MOVE = YES;
				CLANG_WARN_UNGUARDED_AVAILABILITY = YES_AGGRESSIVE;
				CLANG_WARN_UNREACHABLE_CODE = YES;
				CLANG_WARN__DUPLICATE_METHOD_MATCH = YES;
				CODE_SIGN_IDENTITY = "iPhone Developer";
				COPY_PHASE_STRIP = NO;
				CURRENT_PROJECT_VERSION = 1;
				DEBUG_INFORMATION_FORMAT = dwarf;
				ENABLE_STRICT_OBJC_MSGSEND = YES;
				ENABLE_TESTABILITY = YES;
				GCC_C_LANGUAGE_STANDARD = gnu11;
				GCC_DYNAMIC_NO_PIC = NO;
				GCC_NO_COMMON_BLOCKS = YES;
				GCC_OPTIMIZATION_LEVEL = 0;
				GCC_PREPROCESSOR_DEFINITIONS = (
					"DEBUG=1",
					"$(inherited)",
				);
				GCC_WARN_64_TO_32_BIT_CONVERSION = YES;
				GCC_WARN_ABOUT_RETURN_TYPE = YES_ERROR;
				GCC_WARN_UNDECLARED_SELECTOR = YES;
				GCC_WARN_UNINITIALIZED_AUTOS = YES_AGGRESSIVE;
				GCC_WARN_UNUSED_FUNCTION = YES;
				GCC_WARN_UNUSED_VARIABLE = YES;
				IPHONEOS_DEPLOYMENT_TARGET = 9.0;
				MTL_ENABLE_DEBUG_INFO = YES;
				ONLY_ACTIVE_ARCH = YES;
				SDKROOT = iphoneos;
				VERSIONING_SYSTEM = "apple-generic";
				VERSION_INFO_PREFIX = "";
			};
			name = Debug;
		};
		DE0BCDE3206B8E940013777D /* Release */ = {
			isa = XCBuildConfiguration;
			buildSettings = {
				ALWAYS_SEARCH_USER_PATHS = NO;
				CLANG_ANALYZER_NONNULL = YES;
				CLANG_ANALYZER_NUMBER_OBJECT_CONVERSION = YES_AGGRESSIVE;
				CLANG_CXX_LANGUAGE_STANDARD = "gnu++14";
				CLANG_CXX_LIBRARY = "libc++";
				CLANG_ENABLE_MODULES = YES;
				CLANG_ENABLE_OBJC_ARC = YES;
				CLANG_WARN_BLOCK_CAPTURE_AUTORELEASING = YES;
				CLANG_WARN_BOOL_CONVERSION = YES;
				CLANG_WARN_COMMA = YES;
				CLANG_WARN_CONSTANT_CONVERSION = YES;
				CLANG_WARN_DIRECT_OBJC_ISA_USAGE = YES_ERROR;
				CLANG_WARN_DOCUMENTATION_COMMENTS = YES;
				CLANG_WARN_EMPTY_BODY = YES;
				CLANG_WARN_ENUM_CONVERSION = YES;
				CLANG_WARN_INFINITE_RECURSION = YES;
				CLANG_WARN_INT_CONVERSION = YES;
				CLANG_WARN_NON_LITERAL_NULL_CONVERSION = YES;
				CLANG_WARN_OBJC_LITERAL_CONVERSION = YES;
				CLANG_WARN_OBJC_ROOT_CLASS = YES_ERROR;
				CLANG_WARN_RANGE_LOOP_ANALYSIS = YES;
				CLANG_WARN_STRICT_PROTOTYPES = YES;
				CLANG_WARN_SUSPICIOUS_MOVE = YES;
				CLANG_WARN_UNGUARDED_AVAILABILITY = YES_AGGRESSIVE;
				CLANG_WARN_UNREACHABLE_CODE = YES;
				CLANG_WARN__DUPLICATE_METHOD_MATCH = YES;
				CODE_SIGN_IDENTITY = "iPhone Developer";
				COPY_PHASE_STRIP = NO;
				CURRENT_PROJECT_VERSION = 1;
				DEBUG_INFORMATION_FORMAT = "dwarf-with-dsym";
				ENABLE_NS_ASSERTIONS = NO;
				ENABLE_STRICT_OBJC_MSGSEND = YES;
				GCC_C_LANGUAGE_STANDARD = gnu11;
				GCC_NO_COMMON_BLOCKS = YES;
				GCC_WARN_64_TO_32_BIT_CONVERSION = YES;
				GCC_WARN_ABOUT_RETURN_TYPE = YES_ERROR;
				GCC_WARN_UNDECLARED_SELECTOR = YES;
				GCC_WARN_UNINITIALIZED_AUTOS = YES_AGGRESSIVE;
				GCC_WARN_UNUSED_FUNCTION = YES;
				GCC_WARN_UNUSED_VARIABLE = YES;
				IPHONEOS_DEPLOYMENT_TARGET = 9.0;
				MTL_ENABLE_DEBUG_INFO = NO;
				SDKROOT = iphoneos;
				VALIDATE_PRODUCT = YES;
				VERSIONING_SYSTEM = "apple-generic";
				VERSION_INFO_PREFIX = "";
			};
			name = Release;
		};
		DE0BCDE5206B8E940013777D /* Debug */ = {
			isa = XCBuildConfiguration;
			buildSettings = {
				CODE_SIGN_IDENTITY = "";
				CODE_SIGN_STYLE = Automatic;
				DEFINES_MODULE = YES;
				DYLIB_COMPATIBILITY_VERSION = 1;
				DYLIB_CURRENT_VERSION = 1;
				DYLIB_INSTALL_NAME_BASE = "@rpath";
				INFOPLIST_FILE = RWUIControlsFramework/Info.plist;
				INSTALL_PATH = "$(LOCAL_LIBRARY_DIR)/Frameworks";
				LD_RUNPATH_SEARCH_PATHS = "$(inherited) @executable_path/Frameworks @loader_path/Frameworks";
				PRODUCT_BUNDLE_IDENTIFIER = com.iosdevlog.RWUIControlsFramework;
				PRODUCT_NAME = "$(TARGET_NAME:c99extidentifier)";
				SKIP_INSTALL = YES;
				TARGETED_DEVICE_FAMILY = "1,2";
			};
			name = Debug;
		};
		DE0BCDE6206B8E940013777D /* Release */ = {
			isa = XCBuildConfiguration;
			buildSettings = {
				CODE_SIGN_IDENTITY = "";
				CODE_SIGN_STYLE = Automatic;
				DEFINES_MODULE = YES;
				DYLIB_COMPATIBILITY_VERSION = 1;
				DYLIB_CURRENT_VERSION = 1;
				DYLIB_INSTALL_NAME_BASE = "@rpath";
				INFOPLIST_FILE = RWUIControlsFramework/Info.plist;
				INSTALL_PATH = "$(LOCAL_LIBRARY_DIR)/Frameworks";
				LD_RUNPATH_SEARCH_PATHS = "$(inherited) @executable_path/Frameworks @loader_path/Frameworks";
				PRODUCT_BUNDLE_IDENTIFIER = com.iosdevlog.RWUIControlsFramework;
				PRODUCT_NAME = "$(TARGET_NAME:c99extidentifier)";
				SKIP_INSTALL = YES;
				TARGETED_DEVICE_FAMILY = "1,2";
			};
			name = Release;
		};
		DE5D36BB206C750F00FAB511 /* Debug */ = {
			isa = XCBuildConfiguration;
			buildSettings = {
				CODE_SIGN_STYLE = Automatic;
				PRODUCT_NAME = "$(TARGET_NAME)";
			};
			name = Debug;
		};
		DE5D36BC206C750F00FAB511 /* Release */ = {
			isa = XCBuildConfiguration;
			buildSettings = {
				CODE_SIGN_STYLE = Automatic;
				PRODUCT_NAME = "$(TARGET_NAME)";
			};
			name = Release;
		};
/* End XCBuildConfiguration section */

/* Begin XCConfigurationList section */
		DE0BCDD6206B8E940013777D /* Build configuration list for PBXProject "RWUIControlsFramework" */ = {
			isa = XCConfigurationList;
			buildConfigurations = (
				DE0BCDE2206B8E940013777D /* Debug */,
				DE0BCDE3206B8E940013777D /* Release */,
			);
			defaultConfigurationIsVisible = 0;
			defaultConfigurationName = Release;
		};
		DE0BCDE4206B8E940013777D /* Build configuration list for PBXNativeTarget "RWUIControlsFramework" */ = {
			isa = XCConfigurationList;
			buildConfigurations = (
				DE0BCDE5206B8E940013777D /* Debug */,
				DE0BCDE6206B8E940013777D /* Release */,
			);
			defaultConfigurationIsVisible = 0;
			defaultConfigurationName = Release;
		};
		DE5D36BD206C750F00FAB511 /* Build configuration list for PBXAggregateTarget "UniversalFramework" */ = {
			isa = XCConfigurationList;
			buildConfigurations = (
				DE5D36BB206C750F00FAB511 /* Debug */,
				DE5D36BC206C750F00FAB511 /* Release */,
			);
			defaultConfigurationIsVisible = 0;
			defaultConfigurationName = Release;
		};
/* End XCConfigurationList section */
	};
	rootObject = DE0BCDD3206B8E940013777D /* Project object */;
}
