// !$*UTF8*$!
{
	archiveVersion = 1;
	classes = {
	};
	objectVersion = 48;
	objects = {

/* Begin PBXBuildFile section */
		DE209C762068C5D00052AF78 /* AppDelegate.m in Sources */ = {isa = PBXBuildFile; fileRef = DE209C752068C5D00052AF78 /* AppDelegate.m */; };
		DE209C792068C5D00052AF78 /* ViewController.m in Sources */ = {isa = PBXBuildFile; fileRef = DE209C782068C5D00052AF78 /* ViewController.m */; };
		DE209C7C2068C5D00052AF78 /* Main.storyboard in Resources */ = {isa = PBXBuildFile; fileRef = DE209C7A2068C5D00052AF78 /* Main.storyboard */; };
		DE209C7E2068C5D00052AF78 /* Assets.xcassets in Resources */ = {isa = PBXBuildFile; fileRef = DE209C7D2068C5D00052AF78 /* Assets.xcassets */; };
		DE209C812068C5D00052AF78 /* LaunchScreen.storyboard in Resources */ = {isa = PBXBuildFile; fileRef = DE209C7F2068C5D00052AF78 /* LaunchScreen.storyboard */; };
		DE209C842068C5D00052AF78 /* main.m in Sources */ = {isa = PBXBuildFile; fileRef = DE209C832068C5D00052AF78 /* main.m */; };
		DE209C8C2068C64C0052AF78 /* RangeSlider.m in Sources */ = {isa = PBXBuildFile; fileRef = DE209C8B2068C64C0052AF78 /* RangeSlider.m */; };
		DE209C8F2068C6C10052AF78 /* QuartzCore.framework in Frameworks */ = {isa = PBXBuildFile; fileRef = DE209C8E2068C6C10052AF78 /* QuartzCore.framework */; };
		DE209C922068C8220052AF78 /* RangeSliderKnobLayer.m in Sources */ = {isa = PBXBuildFile; fileRef = DE209C912068C8220052AF78 /* RangeSliderKnobLayer.m */; };
/* End PBXBuildFile section */

/* Begin PBXFileReference section */
		DE209C712068C5D00052AF78 /* CustomSlider.app */ = {isa = PBXFileReference; explicitFileType = wrapper.application; includeInIndex = 0; path = CustomSlider.app; sourceTree = BUILT_PRODUCTS_DIR; };
		DE209C742068C5D00052AF78 /* AppDelegate.h */ = {isa = PBXFileReference; lastKnownFileType = sourcecode.c.h; path = AppDelegate.h; sourceTree = "<group>"; };
		DE209C752068C5D00052AF78 /* AppDelegate.m */ = {isa = PBXFileReference; lastKnownFileType = sourcecode.c.objc; path = AppDelegate.m; sourceTree = "<group>"; };
		DE209C772068C5D00052AF78 /* ViewController.h */ = {isa = PBXFileReference; lastKnownFileType = sourcecode.c.h; path = ViewController.h; sourceTree = "<group>"; };
		DE209C782068C5D00052AF78 /* ViewController.m */ = {isa = PBXFileReference; lastKnownFileType = sourcecode.c.objc; path = ViewController.m; sourceTree = "<group>"; };
		DE209C7B2068C5D00052AF78 /* Base */ = {isa = PBXFileReference; lastKnownFileType = file.storyboard; name = Base; path = Base.lproj/Main.storyboard; sourceTree = "<group>"; };
		DE209C7D2068C5D00052AF78 /* Assets.xcassets */ = {isa = PBXFileReference; lastKnownFileType = folder.assetcatalog; path = Assets.xcassets; sourceTree = "<group>"; };
		DE209C802068C5D00052AF78 /* Base */ = {isa = PBXFileReference; lastKnownFileType = file.storyboard; name = Base; path = Base.lproj/LaunchScreen.storyboard; sourceTree = "<group>"; };
		DE209C822068C5D00052AF78 /* Info.plist */ = {isa = PBXFileReference; lastKnownFileType = text.plist.xml; path = Info.plist; sourceTree = "<group>"; };
		DE209C832068C5D00052AF78 /* main.m */ = {isa = PBXFileReference; lastKnownFileType = sourcecode.c.objc; path = main.m; sourceTree = "<group>"; };
		DE209C8A2068C64C0052AF78 /* RangeSlider.h */ = {isa = PBXFileReference; lastKnownFileType = sourcecode.c.h; path = RangeSlider.h; sourceTree = "<group>"; };
		DE209C8B2068C64C0052AF78 /* RangeSlider.m */ = {isa = PBXFileReference; lastKnownFileType = sourcecode.c.objc; path = RangeSlider.m; sourceTree = "<group>"; };
		DE209C8E2068C6C10052AF78 /* QuartzCore.framework */ = {isa = PBXFileReference; lastKnownFileType = wrapper.framework; name = QuartzCore.framework; path = System/Library/Frameworks/QuartzCore.framework; sourceTree = SDKROOT; };
		DE209C902068C8220052AF78 /* RangeSliderKnobLayer.h */ = {isa = PBXFileReference; lastKnownFileType = sourcecode.c.h; path = RangeSliderKnobLayer.h; sourceTree = "<group>"; };
		DE209C912068C8220052AF78 /* RangeSliderKnobLayer.m */ = {isa = PBXFileReference; lastKnownFileType = sourcecode.c.objc; path = RangeSliderKnobLayer.m; sourceTree = "<group>"; };
/* End PBXFileReference section */

/* Begin PBXFrameworksBuildPhase section */
		DE209C6E2068C5D00052AF78 /* Frameworks */ = {
			isa = PBXFrameworksBuildPhase;
			buildActionMask = 2147483647;
			files = (
				DE209C8F2068C6C10052AF78 /* QuartzCore.framework in Frameworks */,
			);
			runOnlyForDeploymentPostprocessing = 0;
		};
/* End PBXFrameworksBuildPhase section */

/* Begin PBXGroup section */
		DE209C682068C5D00052AF78 = {
			isa = PBXGroup;
			children = (
				DE209C732068C5D00052AF78 /* CustomSlider */,
				DE209C722068C5D00052AF78 /* Products */,
				DE209C8D2068C6C00052AF78 /* Frameworks */,
			);
			sourceTree = "<group>";
		};
		DE209C722068C5D00052AF78 /* Products */ = {
			isa = PBXGroup;
			children = (
				DE209C712068C5D00052AF78 /* CustomSlider.app */,
			);
			name = Products;
			sourceTree = "<group>";
		};
		DE209C732068C5D00052AF78 /* CustomSlider */ = {
			isa = PBXGroup;
			children = (
				DE209C742068C5D00052AF78 /* AppDelegate.h */,
				DE209C752068C5D00052AF78 /* AppDelegate.m */,
				DE209C772068C5D00052AF78 /* ViewController.h */,
				DE209C782068C5D00052AF78 /* ViewController.m */,
				DE209C7A2068C5D00052AF78 /* Main.storyboard */,
				DE209C7D2068C5D00052AF78 /* Assets.xcassets */,
				DE209C7F2068C5D00052AF78 /* LaunchScreen.storyboard */,
				DE209C822068C5D00052AF78 /* Info.plist */,
				DE209C832068C5D00052AF78 /* main.m */,
				DE209C8A2068C64C0052AF78 /* RangeSlider.h */,
				DE209C8B2068C64C0052AF78 /* RangeSlider.m */,
				DE209C902068C8220052AF78 /* RangeSliderKnobLayer.h */,
				DE209C912068C8220052AF78 /* RangeSliderKnobLayer.m */,
			);
			path = CustomSlider;
			sourceTree = "<group>";
		};
		DE209C8D2068C6C00052AF78 /* Frameworks */ = {
			isa = PBXGroup;
			children = (
				DE209C8E2068C6C10052AF78 /* QuartzCore.framework */,
			);
			name = Frameworks;
			sourceTree = "<group>";
		};
/* End PBXGroup section */

/* Begin PBXNativeTarget section */
		DE209C702068C5D00052AF78 /* CustomSlider */ = {
			isa = PBXNativeTarget;
			buildConfigurationList = DE209C872068C5D00052AF78 /* Build configuration list for PBXNativeTarget "CustomSlider" */;
			buildPhases = (
				DE209C6D2068C5D00052AF78 /* Sources */,
				DE209C6E2068C5D00052AF78 /* Frameworks */,
				DE209C6F2068C5D00052AF78 /* Resources */,
			);
			buildRules = (
			);
			dependencies = (
			);
			name = CustomSlider;
			productName = CustomSlider;
			productReference = DE209C712068C5D00052AF78 /* CustomSlider.app */;
			productType = "com.apple.product-type.application";
		};
/* End PBXNativeTarget section */

/* Begin PBXProject section */
		DE209C692068C5D00052AF78 /* Project object */ = {
			isa = PBXProject;
			attributes = {
				LastUpgradeCheck = 0920;
				ORGANIZATIONNAME = iOSDevLog;
				TargetAttributes = {
					DE209C702068C5D00052AF78 = {
						CreatedOnToolsVersion = 9.2;
						ProvisioningStyle = Automatic;
					};
				};
			};
			buildConfigurationList = DE209C6C2068C5D00052AF78 /* Build configuration list for PBXProject "CustomSlider" */;
			compatibilityVersion = "Xcode 8.0";
			developmentRegion = en;
			hasScannedForEncodings = 0;
			knownRegions = (
				en,
				Base,
			);
			mainGroup = DE209C682068C5D00052AF78;
			productRefGroup = DE209C722068C5D00052AF78 /* Products */;
			projectDirPath = "";
			projectRoot = "";
			targets = (
				DE209C702068C5D00052AF78 /* CustomSlider */,
			);
		};
/* End PBXProject section */

/* Begin PBXResourcesBuildPhase section */
		DE209C6F2068C5D00052AF78 /* Resources */ = {
			isa = PBXResourcesBuildPhase;
			buildActionMask = 2147483647;
			files = (
				DE209C812068C5D00052AF78 /* LaunchScreen.storyboard in Resources */,
				DE209C7E2068C5D00052AF78 /* Assets.xcassets in Resources */,
				DE209C7C2068C5D00052AF78 /* Main.storyboard in Resources */,
			);
			runOnlyForDeploymentPostprocessing = 0;
		};
/* End PBXResourcesBuildPhase section */

/* Begin PBXSourcesBuildPhase section */
		DE209C6D2068C5D00052AF78 /* Sources */ = {
			isa = PBXSourcesBuildPhase;
			buildActionMask = 2147483647;
			files = (
				DE209C922068C8220052AF78 /* RangeSliderKnobLayer.m in Sources */,
				DE209C8C2068C64C0052AF78 /* RangeSlider.m in Sources */,
				DE209C792068C5D00052AF78 /* ViewController.m in Sources */,
				DE209C842068C5D00052AF78 /* main.m in Sources */,
				DE209C762068C5D00052AF78 /* AppDelegate.m in Sources */,
			);
			runOnlyForDeploymentPostprocessing = 0;
		};
/* End PBXSourcesBuildPhase section */

/* Begin PBXVariantGroup section */
		DE209C7A2068C5D00052AF78 /* Main.storyboard */ = {
			isa = PBXVariantGroup;
			children = (
				DE209C7B2068C5D00052AF78 /* Base */,
			);
			name = Main.storyboard;
			sourceTree = "<group>";
		};
		DE209C7F2068C5D00052AF78 /* LaunchScreen.storyboard */ = {
			isa = PBXVariantGroup;
			children = (
				DE209C802068C5D00052AF78 /* Base */,
			);
			name = LaunchScreen.storyboard;
			sourceTree = "<group>";
		};
/* End PBXVariantGroup section */

/* Begin XCBuildConfiguration section */
		DE209C852068C5D00052AF78 /* Debug */ = {
			isa = XCBuildConfiguration;
			buildSettings = {
				ALWAYS_SEARCH_USER_PATHS = NO;
				CLANG_ANALYZER_NONNULL = YES;
				CLANG_ANALYZER_NUMBER_OBJECT_CONVERSION = YES_AGGRESSIVE;
				CLANG_CXX_LANGUAGE_STANDARD = "gnu++14";
				CLANG_CXX_LIBRARY = "libc++";
				CLANG_ENABLE_MODULES = YES;
				CLANG_ENABLE_OBJC_ARC = YES;
				CLANG_WARN_BLOCK_CAPTURE_AUTORELEASING = YES;
				CLANG_WARN_BOOL_CONVERSION = YES;
				CLANG_WARN_COMMA = YES;
				CLANG_WARN_CONSTANT_CONVERSION = YES;
				CLANG_WARN_DIRECT_OBJC_ISA_USAGE = YES_ERROR;
				CLANG_WARN_DOCUMENTATION_COMMENTS = YES;
				CLANG_WARN_EMPTY_BODY = YES;
				CLANG_WARN_ENUM_CONVERSION = YES;
				CLANG_WARN_INFINITE_RECURSION = YES;
				CLANG_WARN_INT_CONVERSION = YES;
				CLANG_WARN_NON_LITERAL_NULL_CONVERSION = YES;
				CLANG_WARN_OBJC_LITERAL_CONVERSION = YES;
				CLANG_WARN_OBJC_ROOT_CLASS = YES_ERROR;
				CLANG_WARN_RANGE_LOOP_ANALYSIS = YES;
				CLANG_WARN_STRICT_PROTOTYPES = YES;
				CLANG_WARN_SUSPICIOUS_MOVE = YES;
				CLANG_WARN_UNGUARDED_AVAILABILITY = YES_AGGRESSIVE;
				CLANG_WARN_UNREACHABLE_CODE = YES;
				CLANG_WARN__DUPLICATE_METHOD_MATCH = YES;
				CODE_SIGN_IDENTITY = "iPhone Developer";
				COPY_PHASE_STRIP = NO;
				DEBUG_INFORMATION_FORMAT = dwarf;
				ENABLE_STRICT_OBJC_MSGSEND = YES;
				ENABLE_TESTABILITY = YES;
				GCC_C_LANGUAGE_STANDARD = gnu11;
				GCC_DYNAMIC_NO_PIC = NO;
				GCC_NO_COMMON_BLOCKS = YES;
				GCC_OPTIMIZATION_LEVEL = 0;
				GCC_PREPROCESSOR_DEFINITIONS = (
					"DEBUG=1",
					"$(inherited)",
				);
				GCC_WARN_64_TO_32_BIT_CONVERSION = YES;
				GCC_WARN_ABOUT_RETURN_TYPE = YES_ERROR;
				GCC_WARN_UNDECLARED_SELECTOR = YES;
				GCC_WARN_UNINITIALIZED_AUTOS = YES_AGGRESSIVE;
				GCC_WARN_UNUSED_FUNCTION = YES;
				GCC_WARN_UNUSED_VARIABLE = YES;
				IPHONEOS_DEPLOYMENT_TARGET = 11.2;
				MTL_ENABLE_DEBUG_INFO = YES;
				ONLY_ACTIVE_ARCH = YES;
				SDKROOT = iphoneos;
			};
			name = Debug;
		};
		DE209C862068C5D00052AF78 /* Release */ = {
			isa = XCBuildConfiguration;
			buildSettings = {
				ALWAYS_SEARCH_USER_PATHS = NO;
				CLANG_ANALYZER_NONNULL = YES;
				CLANG_ANALYZER_NUMBER_OBJECT_CONVERSION = YES_AGGRESSIVE;
				CLANG_CXX_LANGUAGE_STANDARD = "gnu++14";
				CLANG_CXX_LIBRARY = "libc++";
				CLANG_ENABLE_MODULES = YES;
				CLANG_ENABLE_OBJC_ARC = YES;
				CLANG_WARN_BLOCK_CAPTURE_AUTORELEASING = YES;
				CLANG_WARN_BOOL_CONVERSION = YES;
				CLANG_WARN_COMMA = YES;
				CLANG_WARN_CONSTANT_CONVERSION = YES;
				CLANG_WARN_DIRECT_OBJC_ISA_USAGE = YES_ERROR;
				CLANG_WARN_DOCUMENTATION_COMMENTS = YES;
				CLANG_WARN_EMPTY_BODY = YES;
				CLANG_WARN_ENUM_CONVERSION = YES;
				CLANG_WARN_INFINITE_RECURSION = YES;
				CLANG_WARN_INT_CONVERSION = YES;
				CLANG_WARN_NON_LITERAL_NULL_CONVERSION = YES;
				CLANG_WARN_OBJC_LITERAL_CONVERSION = YES;
				CLANG_WARN_OBJC_ROOT_CLASS = YES_ERROR;
				CLANG_WARN_RANGE_LOOP_ANALYSIS = YES;
				CLANG_WARN_STRICT_PROTOTYPES = YES;
				CLANG_WARN_SUSPICIOUS_MOVE = YES;
				CLANG_WARN_UNGUARDED_AVAILABILITY = YES_AGGRESSIVE;
				CLANG_WARN_UNREACHABLE_CODE = YES;
				CLANG_WARN__DUPLICATE_METHOD_MATCH = YES;
				CODE_SIGN_IDENTITY = "iPhone Developer";
				COPY_PHASE_STRIP = NO;
				DEBUG_INFORMATION_FORMAT = "dwarf-with-dsym";
				ENABLE_NS_ASSERTIONS = NO;
				ENABLE_STRICT_OBJC_MSGSEND = YES;
				GCC_C_LANGUAGE_STANDARD = gnu11;
				GCC_NO_COMMON_BLOCKS = YES;
				GCC_WARN_64_TO_32_BIT_CONVERSION = YES;
				GCC_WARN_ABOUT_RETURN_TYPE = YES_ERROR;
				GCC_WARN_UNDECLARED_SELECTOR = YES;
				GCC_WARN_UNINITIALIZED_AUTOS = YES_AGGRESSIVE;
				GCC_WARN_UNUSED_FUNCTION = YES;
				GCC_WARN_UNUSED_VARIABLE = YES;
				IPHONEOS_DEPLOYMENT_TARGET = 11.2;
				MTL_ENABLE_DEBUG_INFO = NO;
				SDKROOT = iphoneos;
				VALIDATE_PRODUCT = YES;
			};
			name = Release;
		};
		DE209C882068C5D00052AF78 /* Debug */ = {
			isa = XCBuildConfiguration;
			buildSettings = {
				ASSETCATALOG_COMPILER_APPICON_NAME = AppIcon;
				CODE_SIGN_STYLE = Automatic;
				DEVELOPMENT_TEAM = J8W3A83N2L;
				INFOPLIST_FILE = CustomSlider/Info.plist;
				LD_RUNPATH_SEARCH_PATHS = "$(inherited) @executable_path/Frameworks";
				PRODUCT_BUNDLE_IDENTIFIER = com.iosdevlog.CustomSlider;
				PRODUCT_NAME = "$(TARGET_NAME)";
				TARGETED_DEVICE_FAMILY = "1,2";
			};
			name = Debug;
		};
		DE209C892068C5D00052AF78 /* Release */ = {
			isa = XCBuildConfiguration;
			buildSettings = {
				ASSETCATALOG_COMPILER_APPICON_NAME = AppIcon;
				CODE_SIGN_STYLE = Automatic;
				DEVELOPMENT_TEAM = J8W3A83N2L;
				INFOPLIST_FILE = CustomSlider/Info.plist;
				LD_RUNPATH_SEARCH_PATHS = "$(inherited) @executable_path/Frameworks";
				PRODUCT_BUNDLE_IDENTIFIER = com.iosdevlog.CustomSlider;
				PRODUCT_NAME = "$(TARGET_NAME)";
				TARGETED_DEVICE_FAMILY = "1,2";
			};
			name = Release;
		};
/* End XCBuildConfiguration section */

/* Begin XCConfigurationList section */
		DE209C6C2068C5D00052AF78 /* Build configuration list for PBXProject "CustomSlider" */ = {
			isa = XCConfigurationList;
			buildConfigurations = (
				DE209C852068C5D00052AF78 /* Debug */,
				DE209C862068C5D00052AF78 /* Release */,
			);
			defaultConfigurationIsVisible = 0;
			defaultConfigurationName = Release;
		};
		DE209C872068C5D00052AF78 /* Build configuration list for PBXNativeTarget "CustomSlider" */ = {
			isa = XCConfigurationList;
			buildConfigurations = (
				DE209C882068C5D00052AF78 /* Debug */,
				DE209C892068C5D00052AF78 /* Release */,
			);
			defaultConfigurationIsVisible = 0;
			defaultConfigurationName = Release;
		};
/* End XCConfigurationList section */
	};
	rootObject = DE209C692068C5D00052AF78 /* Project object */;
}
